
Microsoft Visual Studio Solution File, Format Version 12.00
# Visual Studio Version 17
VisualStudioVersion = 17.8.34330.188
MinimumVisualStudioVersion = 10.0.40219.1
Project("{9A19103F-16F7-4668-BE54-9A1E7A4F7556}") = "RetailerSelfCareApi", "RetailerSelfCareApi\RetailerSelfCareApi.csproj", "{6F4647C4-04EB-4661-BD99-25FFED8D262E}"
EndProject
Project("{9A19103F-16F7-4668-BE54-9A1E7A4F7556}") = "RetailerSelfCareApi.Test", "RetailerSelfCareApi.Test\RetailerSelfCareApi.Test.csproj", "{39580197-75D9-4D13-9C96-5BC521EFB998}"
EndProject
Project("{9A19103F-16F7-4668-BE54-9A1E7A4F7556}") = "Application", "Application\Application.csproj", "{5B4D93C0-FF99-4B15-8C09-AD084A73F649}"
EndProject
Project("{9A19103F-16F7-4668-BE54-9A1E7A4F7556}") = "Domain", "Domain\Domain.csproj", "{4F8496D6-B0B5-4A82-9F4F-744E3905A837}"
EndProject
Project("{9A19103F-16F7-4668-BE54-9A1E7A4F7556}") = "Infrastracture", "Infrastracture\Infrastracture.csproj", "{096241F6-0B8E-4D6A-97FE-6822A446C3FF}"
EndProject
Global
	GlobalSection(SolutionConfigurationPlatforms) = preSolution
		Debug|Any CPU = Debug|Any CPU
		Release|Any CPU = Release|Any CPU
	EndGlobalSection
	GlobalSection(ProjectConfigurationPlatforms) = postSolution
		{6F4647C4-04EB-4661-BD99-25FFED8D262E}.Debug|Any CPU.ActiveCfg = Debug|Any CPU
		{6F4647C4-04EB-4661-BD99-25FFED8D262E}.Debug|Any CPU.Build.0 = Debug|Any CPU
		{6F4647C4-04EB-4661-BD99-25FFED8D262E}.Release|Any CPU.ActiveCfg = Release|Any CPU
		{6F4647C4-04EB-4661-BD99-25FFED8D262E}.Release|Any CPU.Build.0 = Release|Any CPU
		{39580197-75D9-4D13-9C96-5BC521EFB998}.Debug|Any CPU.ActiveCfg = Debug|Any CPU
		{39580197-75D9-4D13-9C96-5BC521EFB998}.Debug|Any CPU.Build.0 = Debug|Any CPU
		{39580197-75D9-4D13-9C96-5BC521EFB998}.Release|Any CPU.ActiveCfg = Release|Any CPU
		{39580197-75D9-4D13-9C96-5BC521EFB998}.Release|Any CPU.Build.0 = Release|Any CPU
		{5B4D93C0-FF99-4B15-8C09-AD084A73F649}.Debug|Any CPU.ActiveCfg = Debug|Any CPU
		{5B4D93C0-FF99-4B15-8C09-AD084A73F649}.Debug|Any CPU.Build.0 = Debug|Any CPU
		{5B4D93C0-FF99-4B15-8C09-AD084A73F649}.Release|Any CPU.ActiveCfg = Release|Any CPU
		{5B4D93C0-FF99-4B15-8C09-AD084A73F649}.Release|Any CPU.Build.0 = Release|Any CPU
		{4F8496D6-B0B5-4A82-9F4F-744E3905A837}.Debug|Any CPU.ActiveCfg = Debug|Any CPU
		{4F8496D6-B0B5-4A82-9F4F-744E3905A837}.Debug|Any CPU.Build.0 = Debug|Any CPU
		{4F8496D6-B0B5-4A82-9F4F-744E3905A837}.Release|Any CPU.ActiveCfg = Release|Any CPU
		{4F8496D6-B0B5-4A82-9F4F-744E3905A837}.Release|Any CPU.Build.0 = Release|Any CPU
		{096241F6-0B8E-4D6A-97FE-6822A446C3FF}.Debug|Any CPU.ActiveCfg = Debug|Any CPU
		{096241F6-0B8E-4D6A-97FE-6822A446C3FF}.Debug|Any CPU.Build.0 = Debug|Any CPU
		{096241F6-0B8E-4D6A-97FE-6822A446C3FF}.Release|Any CPU.ActiveCfg = Release|Any CPU
		{096241F6-0B8E-4D6A-97FE-6822A446C3FF}.Release|Any CPU.Build.0 = Release|Any CPU
	EndGlobalSection
	GlobalSection(SolutionProperties) = preSolution
		HideSolutionNode = FALSE
	EndGlobalSection
	GlobalSection(ExtensibilityGlobals) = postSolution
		SolutionGuid = {F80ED983-8A08-467E-A114-0ABB361CEC45}
	EndGlobalSection
EndGlobal
